// !$*UTF8*$!
{
	archiveVersion = 1;
	classes = {
	};
	objectVersion = 55;
	objects = {

/* Begin PBXBuildFile section */
		104ECAFF6F3CCEB42AC582E8 /* Pods_PossumusChallenge.framework in Frameworks */ = {isa = PBXBuildFile; fileRef = 8A606DADE215F8A89883164C /* Pods_PossumusChallenge.framework */; };
		A19EA54428D120E100330A23 /* Albums.swift in Sources */ = {isa = PBXBuildFile; fileRef = A19EA54328D120E100330A23 /* Albums.swift */; };
		A19EA54828D15C1B00330A23 /* AlbumDetailViewController.swift in Sources */ = {isa = PBXBuildFile; fileRef = A19EA54728D15C1B00330A23 /* AlbumDetailViewController.swift */; };
		A19EA54A28D1F6F600330A23 /* Photos.swift in Sources */ = {isa = PBXBuildFile; fileRef = A19EA54928D1F6F600330A23 /* Photos.swift */; };
		A19EA54C28D1FF4D00330A23 /* PhotoCollectionViewCell.swift in Sources */ = {isa = PBXBuildFile; fileRef = A19EA54B28D1FF4D00330A23 /* PhotoCollectionViewCell.swift */; };
		A19EA54E28D232CD00330A23 /* PhotoViewController.swift in Sources */ = {isa = PBXBuildFile; fileRef = A19EA54D28D232CD00330A23 /* PhotoViewController.swift */; };
		A19EA55028D23E6F00330A23 /* PhotoCell.swift in Sources */ = {isa = PBXBuildFile; fileRef = A19EA54F28D23E6F00330A23 /* PhotoCell.swift */; };
		A1FA0CE628CF7603004760CA /* AppDelegate.swift in Sources */ = {isa = PBXBuildFile; fileRef = A1FA0CE528CF7603004760CA /* AppDelegate.swift */; };
		A1FA0CE828CF7603004760CA /* SceneDelegate.swift in Sources */ = {isa = PBXBuildFile; fileRef = A1FA0CE728CF7603004760CA /* SceneDelegate.swift */; };
		A1FA0CEA28CF7603004760CA /* AlbumViewController.swift in Sources */ = {isa = PBXBuildFile; fileRef = A1FA0CE928CF7603004760CA /* AlbumViewController.swift */; };
		A1FA0CED28CF7603004760CA /* Main.storyboard in Resources */ = {isa = PBXBuildFile; fileRef = A1FA0CEB28CF7603004760CA /* Main.storyboard */; };
		A1FA0CEF28CF7604004760CA /* Assets.xcassets in Resources */ = {isa = PBXBuildFile; fileRef = A1FA0CEE28CF7604004760CA /* Assets.xcassets */; };
		A1FA0CF228CF7604004760CA /* LaunchScreen.storyboard in Resources */ = {isa = PBXBuildFile; fileRef = A1FA0CF028CF7604004760CA /* LaunchScreen.storyboard */; };
/* End PBXBuildFile section */

/* Begin PBXFileReference section */
		7A1B29E4F2873955B9B06A3D /* Pods-PossumusChallenge.debug.xcconfig */ = {isa = PBXFileReference; includeInIndex = 1; lastKnownFileType = text.xcconfig; name = "Pods-PossumusChallenge.debug.xcconfig"; path = "Target Support Files/Pods-PossumusChallenge/Pods-PossumusChallenge.debug.xcconfig"; sourceTree = "<group>"; };
		8A606DADE215F8A89883164C /* Pods_PossumusChallenge.framework */ = {isa = PBXFileReference; explicitFileType = wrapper.framework; includeInIndex = 0; path = Pods_PossumusChallenge.framework; sourceTree = BUILT_PRODUCTS_DIR; };
		9034ED1FF4ABC27CF5B7E95E /* Pods-PossumusChallenge.release.xcconfig */ = {isa = PBXFileReference; includeInIndex = 1; lastKnownFileType = text.xcconfig; name = "Pods-PossumusChallenge.release.xcconfig"; path = "Target Support Files/Pods-PossumusChallenge/Pods-PossumusChallenge.release.xcconfig"; sourceTree = "<group>"; };
		A19EA54328D120E100330A23 /* Albums.swift */ = {isa = PBXFileReference; lastKnownFileType = sourcecode.swift; path = Albums.swift; sourceTree = "<group>"; };
		A19EA54728D15C1B00330A23 /* AlbumDetailViewController.swift */ = {isa = PBXFileReference; lastKnownFileType = sourcecode.swift; path = AlbumDetailViewController.swift; sourceTree = "<group>"; };
		A19EA54928D1F6F600330A23 /* Photos.swift */ = {isa = PBXFileReference; lastKnownFileType = sourcecode.swift; path = Photos.swift; sourceTree = "<group>"; };
		A19EA54B28D1FF4D00330A23 /* PhotoCollectionViewCell.swift */ = {isa = PBXFileReference; lastKnownFileType = sourcecode.swift; path = PhotoCollectionViewCell.swift; sourceTree = "<group>"; };
		A19EA54D28D232CD00330A23 /* PhotoViewController.swift */ = {isa = PBXFileReference; lastKnownFileType = sourcecode.swift; path = PhotoViewController.swift; sourceTree = "<group>"; };
		A19EA54F28D23E6F00330A23 /* PhotoCell.swift */ = {isa = PBXFileReference; lastKnownFileType = sourcecode.swift; path = PhotoCell.swift; sourceTree = "<group>"; };
		A1FA0CE228CF7603004760CA /* PossumusChallenge.app */ = {isa = PBXFileReference; explicitFileType = wrapper.application; includeInIndex = 0; path = PossumusChallenge.app; sourceTree = BUILT_PRODUCTS_DIR; };
		A1FA0CE528CF7603004760CA /* AppDelegate.swift */ = {isa = PBXFileReference; lastKnownFileType = sourcecode.swift; path = AppDelegate.swift; sourceTree = "<group>"; };
		A1FA0CE728CF7603004760CA /* SceneDelegate.swift */ = {isa = PBXFileReference; lastKnownFileType = sourcecode.swift; path = SceneDelegate.swift; sourceTree = "<group>"; };
		A1FA0CE928CF7603004760CA /* AlbumViewController.swift */ = {isa = PBXFileReference; lastKnownFileType = sourcecode.swift; path = AlbumViewController.swift; sourceTree = "<group>"; };
		A1FA0CEC28CF7603004760CA /* Base */ = {isa = PBXFileReference; lastKnownFileType = file.storyboard; name = Base; path = Base.lproj/Main.storyboard; sourceTree = "<group>"; };
		A1FA0CEE28CF7604004760CA /* Assets.xcassets */ = {isa = PBXFileReference; lastKnownFileType = folder.assetcatalog; path = Assets.xcassets; sourceTree = "<group>"; };
		A1FA0CF128CF7604004760CA /* Base */ = {isa = PBXFileReference; lastKnownFileType = file.storyboard; name = Base; path = Base.lproj/LaunchScreen.storyboard; sourceTree = "<group>"; };
		A1FA0CF328CF7604004760CA /* Info.plist */ = {isa = PBXFileReference; lastKnownFileType = text.plist.xml; path = Info.plist; sourceTree = "<group>"; };
/* End PBXFileReference section */

/* Begin PBXFrameworksBuildPhase section */
		A1FA0CDF28CF7603004760CA /* Frameworks */ = {
			isa = PBXFrameworksBuildPhase;
			buildActionMask = 2147483647;
			files = (
				104ECAFF6F3CCEB42AC582E8 /* Pods_PossumusChallenge.framework in Frameworks */,
			);
			runOnlyForDeploymentPostprocessing = 0;
		};
/* End PBXFrameworksBuildPhase section */

/* Begin PBXGroup section */
		25DAEA473264C425FCC9FD38 /* Frameworks */ = {
			isa = PBXGroup;
			children = (
				8A606DADE215F8A89883164C /* Pods_PossumusChallenge.framework */,
			);
			name = Frameworks;
			sourceTree = "<group>";
		};
		4D1CA904A45F5C4FFC2709C3 /* Pods */ = {
			isa = PBXGroup;
			children = (
				7A1B29E4F2873955B9B06A3D /* Pods-PossumusChallenge.debug.xcconfig */,
				9034ED1FF4ABC27CF5B7E95E /* Pods-PossumusChallenge.release.xcconfig */,
			);
			path = Pods;
			sourceTree = "<group>";
		};
		A1FA0CD928CF7603004760CA = {
			isa = PBXGroup;
			children = (
				A1FA0CE428CF7603004760CA /* PossumusChallenge */,
				A1FA0CE328CF7603004760CA /* Products */,
				4D1CA904A45F5C4FFC2709C3 /* Pods */,
				25DAEA473264C425FCC9FD38 /* Frameworks */,
			);
			sourceTree = "<group>";
		};
		A1FA0CE328CF7603004760CA /* Products */ = {
			isa = PBXGroup;
			children = (
				A1FA0CE228CF7603004760CA /* PossumusChallenge.app */,
			);
			name = Products;
			sourceTree = "<group>";
		};
		A1FA0CE428CF7603004760CA /* PossumusChallenge */ = {
			isa = PBXGroup;
			children = (
				A1FA0CE528CF7603004760CA /* AppDelegate.swift */,
				A1FA0CE728CF7603004760CA /* SceneDelegate.swift */,
				A1FA0CFD28CF7757004760CA /* Model */,
				A1FA0CFA28CF7620004760CA /* Controller */,
				A1FA0CF928CF7612004760CA /* View */,
				A1FA0CEE28CF7604004760CA /* Assets.xcassets */,
				A1FA0CF028CF7604004760CA /* LaunchScreen.storyboard */,
				A1FA0CF328CF7604004760CA /* Info.plist */,
			);
			path = PossumusChallenge;
			sourceTree = "<group>";
		};
		A1FA0CF928CF7612004760CA /* View */ = {
			isa = PBXGroup;
			children = (
				A1FA0CEB28CF7603004760CA /* Main.storyboard */,
				A19EA54F28D23E6F00330A23 /* PhotoCell.swift */,
				A19EA54B28D1FF4D00330A23 /* PhotoCollectionViewCell.swift */,
			);
			path = View;
			sourceTree = "<group>";
		};
		A1FA0CFA28CF7620004760CA /* Controller */ = {
			isa = PBXGroup;
			children = (
				A1FA0CE928CF7603004760CA /* AlbumViewController.swift */,
				A19EA54728D15C1B00330A23 /* AlbumDetailViewController.swift */,
				A19EA54D28D232CD00330A23 /* PhotoViewController.swift */,
			);
			path = Controller;
			sourceTree = "<group>";
		};
		A1FA0CFD28CF7757004760CA /* Model */ = {
			isa = PBXGroup;
			children = (
				A19EA54328D120E100330A23 /* Albums.swift */,
				A19EA54928D1F6F600330A23 /* Photos.swift */,
			);
			path = Model;
			sourceTree = "<group>";
		};
/* End PBXGroup section */

/* Begin PBXNativeTarget section */
		A1FA0CE128CF7603004760CA /* PossumusChallenge */ = {
			isa = PBXNativeTarget;
			buildConfigurationList = A1FA0CF628CF7604004760CA /* Build configuration list for PBXNativeTarget "PossumusChallenge" */;
			buildPhases = (
				5EAD472C04CB3FBA098D06EE /* [CP] Check Pods Manifest.lock */,
				A1FA0CDE28CF7603004760CA /* Sources */,
				A1FA0CDF28CF7603004760CA /* Frameworks */,
				A1FA0CE028CF7603004760CA /* Resources */,
				7E5A3D9F9BBA999272FE5A98 /* [CP] Embed Pods Frameworks */,
			);
			buildRules = (
			);
			dependencies = (
			);
			name = PossumusChallenge;
			productName = PossumusChallenge;
			productReference = A1FA0CE228CF7603004760CA /* PossumusChallenge.app */;
			productType = "com.apple.product-type.application";
		};
/* End PBXNativeTarget section */

/* Begin PBXProject section */
		A1FA0CDA28CF7603004760CA /* Project object */ = {
			isa = PBXProject;
			attributes = {
				BuildIndependentTargetsInParallel = 1;
				LastSwiftUpdateCheck = 1340;
				LastUpgradeCheck = 1340;
				TargetAttributes = {
					A1FA0CE128CF7603004760CA = {
						CreatedOnToolsVersion = 13.4.1;
					};
				};
			};
			buildConfigurationList = A1FA0CDD28CF7603004760CA /* Build configuration list for PBXProject "PossumusChallenge" */;
			compatibilityVersion = "Xcode 13.0";
			developmentRegion = en;
			hasScannedForEncodings = 0;
			knownRegions = (
				en,
				Base,
			);
			mainGroup = A1FA0CD928CF7603004760CA;
			productRefGroup = A1FA0CE328CF7603004760CA /* Products */;
			projectDirPath = "";
			projectRoot = "";
			targets = (
				A1FA0CE128CF7603004760CA /* PossumusChallenge */,
			);
		};
/* End PBXProject section */

/* Begin PBXResourcesBuildPhase section */
		A1FA0CE028CF7603004760CA /* Resources */ = {
			isa = PBXResourcesBuildPhase;
			buildActionMask = 2147483647;
			files = (
				A1FA0CF228CF7604004760CA /* LaunchScreen.storyboard in Resources */,
				A1FA0CEF28CF7604004760CA /* Assets.xcassets in Resources */,
				A1FA0CED28CF7603004760CA /* Main.storyboard in Resources */,
			);
			runOnlyForDeploymentPostprocessing = 0;
		};
/* End PBXResourcesBuildPhase section */

/* Begin PBXShellScriptBuildPhase section */
		5EAD472C04CB3FBA098D06EE /* [CP] Check Pods Manifest.lock */ = {
			isa = PBXShellScriptBuildPhase;
			buildActionMask = 2147483647;
			files = (
			);
			inputFileListPaths = (
			);
			inputPaths = (
				"${PODS_PODFILE_DIR_PATH}/Podfile.lock",
				"${PODS_ROOT}/Manifest.lock",
			);
			name = "[CP] Check Pods Manifest.lock";
			outputFileListPaths = (
			);
			outputPaths = (
				"$(DERIVED_FILE_DIR)/Pods-PossumusChallenge-checkManifestLockResult.txt",
			);
			runOnlyForDeploymentPostprocessing = 0;
			shellPath = /bin/sh;
			shellScript = "diff \"${PODS_PODFILE_DIR_PATH}/Podfile.lock\" \"${PODS_ROOT}/Manifest.lock\" > /dev/null\nif [ $? != 0 ] ; then\n    # print error to STDERR\n    echo \"error: The sandbox is not in sync with the Podfile.lock. Run 'pod install' or update your CocoaPods installation.\" >&2\n    exit 1\nfi\n# This output is used by Xcode 'outputs' to avoid re-running this script phase.\necho \"SUCCESS\" > \"${SCRIPT_OUTPUT_FILE_0}\"\n";
			showEnvVarsInLog = 0;
		};
		7E5A3D9F9BBA999272FE5A98 /* [CP] Embed Pods Frameworks */ = {
			isa = PBXShellScriptBuildPhase;
			buildActionMask = 2147483647;
			files = (
			);
			inputFileListPaths = (
				"${PODS_ROOT}/Target Support Files/Pods-PossumusChallenge/Pods-PossumusChallenge-frameworks-${CONFIGURATION}-input-files.xcfilelist",
			);
			name = "[CP] Embed Pods Frameworks";
			outputFileListPaths = (
				"${PODS_ROOT}/Target Support Files/Pods-PossumusChallenge/Pods-PossumusChallenge-frameworks-${CONFIGURATION}-output-files.xcfilelist",
			);
			runOnlyForDeploymentPostprocessing = 0;
			shellPath = /bin/sh;
			shellScript = "\"${PODS_ROOT}/Target Support Files/Pods-PossumusChallenge/Pods-PossumusChallenge-frameworks.sh\"\n";
			showEnvVarsInLog = 0;
		};
/* End PBXShellScriptBuildPhase section */

/* Begin PBXSourcesBuildPhase section */
		A1FA0CDE28CF7603004760CA /* Sources */ = {
			isa = PBXSourcesBuildPhase;
			buildActionMask = 2147483647;
			files = (
				A1FA0CEA28CF7603004760CA /* AlbumViewController.swift in Sources */,
				A19EA55028D23E6F00330A23 /* PhotoCell.swift in Sources */,
				A1FA0CE628CF7603004760CA /* AppDelegate.swift in Sources */,
				A19EA54428D120E100330A23 /* Albums.swift in Sources */,
				A19EA54A28D1F6F600330A23 /* Photos.swift in Sources */,
				A19EA54C28D1FF4D00330A23 /* PhotoCollectionViewCell.swift in Sources */,
				A19EA54E28D232CD00330A23 /* PhotoViewController.swift in Sources */,
				A19EA54828D15C1B00330A23 /* AlbumDetailViewController.swift in Sources */,
				A1FA0CE828CF7603004760CA /* SceneDelegate.swift in Sources */,
			);
			runOnlyForDeploymentPostprocessing = 0;
		};
/* End PBXSourcesBuildPhase section */

/* Begin PBXVariantGroup section */
		A1FA0CEB28CF7603004760CA /* Main.storyboard */ = {
			isa = PBXVariantGroup;
			children = (
				A1FA0CEC28CF7603004760CA /* Base */,
			);
			name = Main.storyboard;
			sourceTree = "<group>";
		};
		A1FA0CF028CF7604004760CA /* LaunchScreen.storyboard */ = {
			isa = PBXVariantGroup;
			children = (
				A1FA0CF128CF7604004760CA /* Base */,
			);
			name = LaunchScreen.storyboard;
			sourceTree = "<group>";
		};
/* End PBXVariantGroup section */

/* Begin XCBuildConfiguration section */
		A1FA0CF428CF7604004760CA /* Debug */ = {
			isa = XCBuildConfiguration;
			buildSettings = {
				ALWAYS_SEARCH_USER_PATHS = NO;
				CLANG_ANALYZER_NONNULL = YES;
				CLANG_ANALYZER_NUMBER_OBJECT_CONVERSION = YES_AGGRESSIVE;
				CLANG_CXX_LANGUAGE_STANDARD = "gnu++17";
				CLANG_ENABLE_MODULES = YES;
				CLANG_ENABLE_OBJC_ARC = YES;
				CLANG_ENABLE_OBJC_WEAK = YES;
				CLANG_WARN_BLOCK_CAPTURE_AUTORELEASING = YES;
				CLANG_WARN_BOOL_CONVERSION = YES;
				CLANG_WARN_COMMA = YES;
				CLANG_WARN_CONSTANT_CONVERSION = YES;
				CLANG_WARN_DEPRECATED_OBJC_IMPLEMENTATIONS = YES;
				CLANG_WARN_DIRECT_OBJC_ISA_USAGE = YES_ERROR;
				CLANG_WARN_DOCUMENTATION_COMMENTS = YES;
				CLANG_WARN_EMPTY_BODY = YES;
				CLANG_WARN_ENUM_CONVERSION = YES;
				CLANG_WARN_INFINITE_RECURSION = YES;
				CLANG_WARN_INT_CONVERSION = YES;
				CLANG_WARN_NON_LITERAL_NULL_CONVERSION = YES;
				CLANG_WARN_OBJC_IMPLICIT_RETAIN_SELF = YES;
				CLANG_WARN_OBJC_LITERAL_CONVERSION = YES;
				CLANG_WARN_OBJC_ROOT_CLASS = YES_ERROR;
				CLANG_WARN_QUOTED_INCLUDE_IN_FRAMEWORK_HEADER = YES;
				CLANG_WARN_RANGE_LOOP_ANALYSIS = YES;
				CLANG_WARN_STRICT_PROTOTYPES = YES;
				CLANG_WARN_SUSPICIOUS_MOVE = YES;
				CLANG_WARN_UNGUARDED_AVAILABILITY = YES_AGGRESSIVE;
				CLANG_WARN_UNREACHABLE_CODE = YES;
				CLANG_WARN__DUPLICATE_METHOD_MATCH = YES;
				COPY_PHASE_STRIP = NO;
				DEBUG_INFORMATION_FORMAT = dwarf;
				ENABLE_STRICT_OBJC_MSGSEND = YES;
				ENABLE_TESTABILITY = YES;
				GCC_C_LANGUAGE_STANDARD = gnu11;
				GCC_DYNAMIC_NO_PIC = NO;
				GCC_NO_COMMON_BLOCKS = YES;
				GCC_OPTIMIZATION_LEVEL = 0;
				GCC_PREPROCESSOR_DEFINITIONS = (
					"DEBUG=1",
					"$(inherited)",
				);
				GCC_WARN_64_TO_32_BIT_CONVERSION = YES;
				GCC_WARN_ABOUT_RETURN_TYPE = YES_ERROR;
				GCC_WARN_UNDECLARED_SELECTOR = YES;
				GCC_WARN_UNINITIALIZED_AUTOS = YES_AGGRESSIVE;
				GCC_WARN_UNUSED_FUNCTION = YES;
				GCC_WARN_UNUSED_VARIABLE = YES;
				IPHONEOS_DEPLOYMENT_TARGET = 15.5;
				MTL_ENABLE_DEBUG_INFO = INCLUDE_SOURCE;
				MTL_FAST_MATH = YES;
				ONLY_ACTIVE_ARCH = YES;
				SDKROOT = iphoneos;
				SWIFT_ACTIVE_COMPILATION_CONDITIONS = DEBUG;
				SWIFT_OPTIMIZATION_LEVEL = "-Onone";
			};
			name = Debug;
		};
		A1FA0CF528CF7604004760CA /* Release */ = {
			isa = XCBuildConfiguration;
			buildSettings = {
				ALWAYS_SEARCH_USER_PATHS = NO;
				CLANG_ANALYZER_NONNULL = YES;
				CLANG_ANALYZER_NUMBER_OBJECT_CONVERSION = YES_AGGRESSIVE;
				CLANG_CXX_LANGUAGE_STANDARD = "gnu++17";
				CLANG_ENABLE_MODULES = YES;
				CLANG_ENABLE_OBJC_ARC = YES;
				CLANG_ENABLE_OBJC_WEAK = YES;
				CLANG_WARN_BLOCK_CAPTURE_AUTORELEASING = YES;
				CLANG_WARN_BOOL_CONVERSION = YES;
				CLANG_WARN_COMMA = YES;
				CLANG_WARN_CONSTANT_CONVERSION = YES;
				CLANG_WARN_DEPRECATED_OBJC_IMPLEMENTATIONS = YES;
				CLANG_WARN_DIRECT_OBJC_ISA_USAGE = YES_ERROR;
				CLANG_WARN_DOCUMENTATION_COMMENTS = YES;
				CLANG_WARN_EMPTY_BODY = YES;
				CLANG_WARN_ENUM_CONVERSION = YES;
				CLANG_WARN_INFINITE_RECURSION = YES;
				CLANG_WARN_INT_CONVERSION = YES;
				CLANG_WARN_NON_LITERAL_NULL_CONVERSION = YES;
				CLANG_WARN_OBJC_IMPLICIT_RETAIN_SELF = YES;
				CLANG_WARN_OBJC_LITERAL_CONVERSION = YES;
				CLANG_WARN_OBJC_ROOT_CLASS = YES_ERROR;
				CLANG_WARN_QUOTED_INCLUDE_IN_FRAMEWORK_HEADER = YES;
				CLANG_WARN_RANGE_LOOP_ANALYSIS = YES;
				CLANG_WARN_STRICT_PROTOTYPES = YES;
				CLANG_WARN_SUSPICIOUS_MOVE = YES;
				CLANG_WARN_UNGUARDED_AVAILABILITY = YES_AGGRESSIVE;
				CLANG_WARN_UNREACHABLE_CODE = YES;
				CLANG_WARN__DUPLICATE_METHOD_MATCH = YES;
				COPY_PHASE_STRIP = NO;
				DEBUG_INFORMATION_FORMAT = "dwarf-with-dsym";
				ENABLE_NS_ASSERTIONS = NO;
				ENABLE_STRICT_OBJC_MSGSEND = YES;
				GCC_C_LANGUAGE_STANDARD = gnu11;
				GCC_NO_COMMON_BLOCKS = YES;
				GCC_WARN_64_TO_32_BIT_CONVERSION = YES;
				GCC_WARN_ABOUT_RETURN_TYPE = YES_ERROR;
				GCC_WARN_UNDECLARED_SELECTOR = YES;
				GCC_WARN_UNINITIALIZED_AUTOS = YES_AGGRESSIVE;
				GCC_WARN_UNUSED_FUNCTION = YES;
				GCC_WARN_UNUSED_VARIABLE = YES;
				IPHONEOS_DEPLOYMENT_TARGET = 15.5;
				MTL_ENABLE_DEBUG_INFO = NO;
				MTL_FAST_MATH = YES;
				SDKROOT = iphoneos;
				SWIFT_COMPILATION_MODE = wholemodule;
				SWIFT_OPTIMIZATION_LEVEL = "-O";
				VALIDATE_PRODUCT = YES;
			};
			name = Release;
		};
		A1FA0CF728CF7604004760CA /* Debug */ = {
			isa = XCBuildConfiguration;
			baseConfigurationReference = 7A1B29E4F2873955B9B06A3D /* Pods-PossumusChallenge.debug.xcconfig */;
			buildSettings = {
				ASSETCATALOG_COMPILER_APPICON_NAME = AppIcon;
				ASSETCATALOG_COMPILER_GLOBAL_ACCENT_COLOR_NAME = AccentColor;
				CODE_SIGN_STYLE = Automatic;
				CURRENT_PROJECT_VERSION = 1;
				DEVELOPMENT_TEAM = 6V9249K6H6;
				GENERATE_INFOPLIST_FILE = YES;
				INFOPLIST_FILE = PossumusChallenge/Info.plist;
				INFOPLIST_KEY_UIApplicationSupportsIndirectInputEvents = YES;
				INFOPLIST_KEY_UILaunchStoryboardName = LaunchScreen;
				INFOPLIST_KEY_UIMainStoryboardFile = Main;
				INFOPLIST_KEY_UISupportedInterfaceOrientations_iPad = "UIInterfaceOrientationPortrait UIInterfaceOrientationPortraitUpsideDown UIInterfaceOrientationLandscapeLeft UIInterfaceOrientationLandscapeRight";
				INFOPLIST_KEY_UISupportedInterfaceOrientations_iPhone = "UIInterfaceOrientationPortrait UIInterfaceOrientationLandscapeLeft UIInterfaceOrientationLandscapeRight";
				LD_RUNPATH_SEARCH_PATHS = (
					"$(inherited)",
					"@executable_path/Frameworks",
				);
				MARKETING_VERSION = 1.0;
				PRODUCT_BUNDLE_IDENTIFIER = "Francisco-Donadio.PossumusChallenge";
				PRODUCT_NAME = "$(TARGET_NAME)";
				SWIFT_EMIT_LOC_STRINGS = YES;
				SWIFT_VERSION = 5.0;
				TARGETED_DEVICE_FAMILY = "1,2";
			};
			name = Debug;
		};
		A1FA0CF828CF7604004760CA /* Release */ = {
			isa = XCBuildConfiguration;
			baseConfigurationReference = 9034ED1FF4ABC27CF5B7E95E /* Pods-PossumusChallenge.release.xcconfig */;
			buildSettings = {
				ASSETCATALOG_COMPILER_APPICON_NAME = AppIcon;
				ASSETCATALOG_COMPILER_GLOBAL_ACCENT_COLOR_NAME = AccentColor;
				CODE_SIGN_STYLE = Automatic;
				CURRENT_PROJECT_VERSION = 1;
				DEVELOPMENT_TEAM = 6V9249K6H6;
				GENERATE_INFOPLIST_FILE = YES;
				INFOPLIST_FILE = PossumusChallenge/Info.plist;
				INFOPLIST_KEY_UIApplicationSupportsIndirectInputEvents = YES;
				INFOPLIST_KEY_UILaunchStoryboardName = LaunchScreen;
				INFOPLIST_KEY_UIMainStoryboardFile = Main;
				INFOPLIST_KEY_UISupportedInterfaceOrientations_iPad = "UIInterfaceOrientationPortrait UIInterfaceOrientationPortraitUpsideDown UIInterfaceOrientationLandscapeLeft UIInterfaceOrientationLandscapeRight";
				INFOPLIST_KEY_UISupportedInterfaceOrientations_iPhone = "UIInterfaceOrientationPortrait UIInterfaceOrientationLandscapeLeft UIInterfaceOrientationLandscapeRight";
				LD_RUNPATH_SEARCH_PATHS = (
					"$(inherited)",
					"@executable_path/Frameworks",
				);
				MARKETING_VERSION = 1.0;
				PRODUCT_BUNDLE_IDENTIFIER = "Francisco-Donadio.PossumusChallenge";
				PRODUCT_NAME = "$(TARGET_NAME)";
				SWIFT_EMIT_LOC_STRINGS = YES;
				SWIFT_VERSION = 5.0;
				TARGETED_DEVICE_FAMILY = "1,2";
			};
			name = Release;
		};
/* End XCBuildConfiguration section */

/* Begin XCConfigurationList section */
		A1FA0CDD28CF7603004760CA /* Build configuration list for PBXProject "PossumusChallenge" */ = {
			isa = XCConfigurationList;
			buildConfigurations = (
				A1FA0CF428CF7604004760CA /* Debug */,
				A1FA0CF528CF7604004760CA /* Release */,
			);
			defaultConfigurationIsVisible = 0;
			defaultConfigurationName = Release;
		};
		A1FA0CF628CF7604004760CA /* Build configuration list for PBXNativeTarget "PossumusChallenge" */ = {
			isa = XCConfigurationList;
			buildConfigurations = (
				A1FA0CF728CF7604004760CA /* Debug */,
				A1FA0CF828CF7604004760CA /* Release */,
			);
			defaultConfigurationIsVisible = 0;
			defaultConfigurationName = Release;
		};
/* End XCConfigurationList section */
	};
	rootObject = A1FA0CDA28CF7603004760CA /* Project object */;
}
